// !$*UTF8*$!
{
	archiveVersion = 1;
	classes = {
	};
	objectVersion = 55;
	objects = {

/* Begin PBXBuildFile section */
		A31B61A427B5767300C95634 /* AppDelegate.swift in Sources */ = {isa = PBXBuildFile; fileRef = A31B61A327B5767300C95634 /* AppDelegate.swift */; };
		A31B61A627B5767300C95634 /* SceneDelegate.swift in Sources */ = {isa = PBXBuildFile; fileRef = A31B61A527B5767300C95634 /* SceneDelegate.swift */; };
		A31B61A827B5767300C95634 /* LoginViewController.swift in Sources */ = {isa = PBXBuildFile; fileRef = A31B61A727B5767300C95634 /* LoginViewController.swift */; };
		A31B61AB27B5767300C95634 /* Main.storyboard in Resources */ = {isa = PBXBuildFile; fileRef = A31B61A927B5767300C95634 /* Main.storyboard */; };
		A31B61AE27B5767300C95634 /* ioasysBook.xcdatamodeld in Sources */ = {isa = PBXBuildFile; fileRef = A31B61AC27B5767300C95634 /* ioasysBook.xcdatamodeld */; };
		A31B61B027B5767600C95634 /* Assets.xcassets in Resources */ = {isa = PBXBuildFile; fileRef = A31B61AF27B5767600C95634 /* Assets.xcassets */; };
		A31B61B327B5767600C95634 /* LaunchScreen.storyboard in Resources */ = {isa = PBXBuildFile; fileRef = A31B61B127B5767600C95634 /* LaunchScreen.storyboard */; };
		A31B61BE27B5767700C95634 /* ioasysBookTests.swift in Sources */ = {isa = PBXBuildFile; fileRef = A31B61BD27B5767700C95634 /* ioasysBookTests.swift */; };
		A31B61C827B5767700C95634 /* ioasysBookUITests.swift in Sources */ = {isa = PBXBuildFile; fileRef = A31B61C727B5767700C95634 /* ioasysBookUITests.swift */; };
		A31B61CA27B5767700C95634 /* ioasysBookUITestsLaunchTests.swift in Sources */ = {isa = PBXBuildFile; fileRef = A31B61C927B5767700C95634 /* ioasysBookUITestsLaunchTests.swift */; };
		A31B61DB27B57EBD00C95634 /* Constants.swift in Sources */ = {isa = PBXBuildFile; fileRef = A31B61DA27B57EBD00C95634 /* Constants.swift */; };
		A31B61E227B588F800C95634 /* LoginComponentViewController.swift in Sources */ = {isa = PBXBuildFile; fileRef = A31B61E127B588F800C95634 /* LoginComponentViewController.swift */; };
		A31B61E427B5966C00C95634 /* CustomTextField.swift in Sources */ = {isa = PBXBuildFile; fileRef = A31B61E327B5966C00C95634 /* CustomTextField.swift */; };
		A31B61E627B5A03200C95634 /* HomeViewController.swift in Sources */ = {isa = PBXBuildFile; fileRef = A31B61E527B5A03200C95634 /* HomeViewController.swift */; };
/* End PBXBuildFile section */

/* Begin PBXContainerItemProxy section */
		A31B61BA27B5767700C95634 /* PBXContainerItemProxy */ = {
			isa = PBXContainerItemProxy;
			containerPortal = A31B619827B5767300C95634 /* Project object */;
			proxyType = 1;
			remoteGlobalIDString = A31B619F27B5767300C95634;
			remoteInfo = ioasysBook;
		};
		A31B61C427B5767700C95634 /* PBXContainerItemProxy */ = {
			isa = PBXContainerItemProxy;
			containerPortal = A31B619827B5767300C95634 /* Project object */;
			proxyType = 1;
			remoteGlobalIDString = A31B619F27B5767300C95634;
			remoteInfo = ioasysBook;
		};
/* End PBXContainerItemProxy section */

/* Begin PBXFileReference section */
		A31B61A027B5767300C95634 /* ioasysBook.app */ = {isa = PBXFileReference; explicitFileType = wrapper.application; includeInIndex = 0; path = ioasysBook.app; sourceTree = BUILT_PRODUCTS_DIR; };
		A31B61A327B5767300C95634 /* AppDelegate.swift */ = {isa = PBXFileReference; lastKnownFileType = sourcecode.swift; path = AppDelegate.swift; sourceTree = "<group>"; };
		A31B61A527B5767300C95634 /* SceneDelegate.swift */ = {isa = PBXFileReference; lastKnownFileType = sourcecode.swift; path = SceneDelegate.swift; sourceTree = "<group>"; };
		A31B61A727B5767300C95634 /* LoginViewController.swift */ = {isa = PBXFileReference; lastKnownFileType = sourcecode.swift; path = LoginViewController.swift; sourceTree = "<group>"; };
		A31B61AA27B5767300C95634 /* Base */ = {isa = PBXFileReference; lastKnownFileType = file.storyboard; name = Base; path = Base.lproj/Main.storyboard; sourceTree = "<group>"; };
		A31B61AD27B5767300C95634 /* ioasysBook.xcdatamodel */ = {isa = PBXFileReference; lastKnownFileType = wrapper.xcdatamodel; path = ioasysBook.xcdatamodel; sourceTree = "<group>"; };
		A31B61AF27B5767600C95634 /* Assets.xcassets */ = {isa = PBXFileReference; lastKnownFileType = folder.assetcatalog; path = Assets.xcassets; sourceTree = "<group>"; };
		A31B61B227B5767600C95634 /* Base */ = {isa = PBXFileReference; lastKnownFileType = file.storyboard; name = Base; path = Base.lproj/LaunchScreen.storyboard; sourceTree = "<group>"; };
		A31B61B427B5767600C95634 /* Info.plist */ = {isa = PBXFileReference; lastKnownFileType = text.plist.xml; path = Info.plist; sourceTree = "<group>"; };
		A31B61B927B5767700C95634 /* ioasysBookTests.xctest */ = {isa = PBXFileReference; explicitFileType = wrapper.cfbundle; includeInIndex = 0; path = ioasysBookTests.xctest; sourceTree = BUILT_PRODUCTS_DIR; };
		A31B61BD27B5767700C95634 /* ioasysBookTests.swift */ = {isa = PBXFileReference; lastKnownFileType = sourcecode.swift; path = ioasysBookTests.swift; sourceTree = "<group>"; };
		A31B61C327B5767700C95634 /* ioasysBookUITests.xctest */ = {isa = PBXFileReference; explicitFileType = wrapper.cfbundle; includeInIndex = 0; path = ioasysBookUITests.xctest; sourceTree = BUILT_PRODUCTS_DIR; };
		A31B61C727B5767700C95634 /* ioasysBookUITests.swift */ = {isa = PBXFileReference; lastKnownFileType = sourcecode.swift; path = ioasysBookUITests.swift; sourceTree = "<group>"; };
		A31B61C927B5767700C95634 /* ioasysBookUITestsLaunchTests.swift */ = {isa = PBXFileReference; lastKnownFileType = sourcecode.swift; path = ioasysBookUITestsLaunchTests.swift; sourceTree = "<group>"; };
		A31B61DA27B57EBD00C95634 /* Constants.swift */ = {isa = PBXFileReference; lastKnownFileType = sourcecode.swift; path = Constants.swift; sourceTree = "<group>"; };
		A31B61E127B588F800C95634 /* LoginComponentViewController.swift */ = {isa = PBXFileReference; lastKnownFileType = sourcecode.swift; path = LoginComponentViewController.swift; sourceTree = "<group>"; };
		A31B61E327B5966C00C95634 /* CustomTextField.swift */ = {isa = PBXFileReference; lastKnownFileType = sourcecode.swift; path = CustomTextField.swift; sourceTree = "<group>"; };
		A31B61E527B5A03200C95634 /* HomeViewController.swift */ = {isa = PBXFileReference; lastKnownFileType = sourcecode.swift; path = HomeViewController.swift; sourceTree = "<group>"; };
/* End PBXFileReference section */

/* Begin PBXFrameworksBuildPhase section */
		A31B619D27B5767300C95634 /* Frameworks */ = {
			isa = PBXFrameworksBuildPhase;
			buildActionMask = 2147483647;
			files = (
			);
			runOnlyForDeploymentPostprocessing = 0;
		};
		A31B61B627B5767700C95634 /* Frameworks */ = {
			isa = PBXFrameworksBuildPhase;
			buildActionMask = 2147483647;
			files = (
			);
			runOnlyForDeploymentPostprocessing = 0;
		};
		A31B61C027B5767700C95634 /* Frameworks */ = {
			isa = PBXFrameworksBuildPhase;
			buildActionMask = 2147483647;
			files = (
			);
			runOnlyForDeploymentPostprocessing = 0;
		};
/* End PBXFrameworksBuildPhase section */

/* Begin PBXGroup section */
		A31B619727B5767300C95634 = {
			isa = PBXGroup;
			children = (
				A31B61A227B5767300C95634 /* ioasysBook */,
				A31B61BC27B5767700C95634 /* ioasysBookTests */,
				A31B61C627B5767700C95634 /* ioasysBookUITests */,
				A31B61A127B5767300C95634 /* Products */,
			);
			sourceTree = "<group>";
		};
		A31B61A127B5767300C95634 /* Products */ = {
			isa = PBXGroup;
			children = (
				A31B61A027B5767300C95634 /* ioasysBook.app */,
				A31B61B927B5767700C95634 /* ioasysBookTests.xctest */,
				A31B61C327B5767700C95634 /* ioasysBookUITests.xctest */,
			);
			name = Products;
			sourceTree = "<group>";
		};
		A31B61A227B5767300C95634 /* ioasysBook */ = {
			isa = PBXGroup;
			children = (
				A31B61D927B5773900C95634 /* Resources */,
				A31B61D627B576CB00C95634 /* Model */,
				A31B61D727B5772800C95634 /* View */,
				A31B61D827B5772F00C95634 /* Controller */,
				A31B61B427B5767600C95634 /* Info.plist */,
				A31B61AC27B5767300C95634 /* ioasysBook.xcdatamodeld */,
			);
			path = ioasysBook;
			sourceTree = "<group>";
		};
		A31B61BC27B5767700C95634 /* ioasysBookTests */ = {
			isa = PBXGroup;
			children = (
				A31B61BD27B5767700C95634 /* ioasysBookTests.swift */,
			);
			path = ioasysBookTests;
			sourceTree = "<group>";
		};
		A31B61C627B5767700C95634 /* ioasysBookUITests */ = {
			isa = PBXGroup;
			children = (
				A31B61C727B5767700C95634 /* ioasysBookUITests.swift */,
				A31B61C927B5767700C95634 /* ioasysBookUITestsLaunchTests.swift */,
			);
			path = ioasysBookUITests;
			sourceTree = "<group>";
		};
		A31B61D627B576CB00C95634 /* Model */ = {
			isa = PBXGroup;
			children = (
			);
			path = Model;
			sourceTree = "<group>";
		};
		A31B61D727B5772800C95634 /* View */ = {
			isa = PBXGroup;
			children = (
				A31B61A927B5767300C95634 /* Main.storyboard */,
				A31B61B127B5767600C95634 /* LaunchScreen.storyboard */,
				A31B61AF27B5767600C95634 /* Assets.xcassets */,
				A31B61E327B5966C00C95634 /* CustomTextField.swift */,
			);
			path = View;
			sourceTree = "<group>";
		};
		A31B61D827B5772F00C95634 /* Controller */ = {
			isa = PBXGroup;
			children = (
				A31B61DC27B5879D00C95634 /* Components */,
				A31B61A727B5767300C95634 /* LoginViewController.swift */,
				A31B61E527B5A03200C95634 /* HomeViewController.swift */,
			);
			path = Controller;
			sourceTree = "<group>";
		};
		A31B61D927B5773900C95634 /* Resources */ = {
			isa = PBXGroup;
			children = (
				A31B61A327B5767300C95634 /* AppDelegate.swift */,
				A31B61A527B5767300C95634 /* SceneDelegate.swift */,
				A31B61DA27B57EBD00C95634 /* Constants.swift */,
			);
			path = Resources;
			sourceTree = "<group>";
		};
		A31B61DC27B5879D00C95634 /* Components */ = {
			isa = PBXGroup;
			children = (
				A31B61E127B588F800C95634 /* LoginComponentViewController.swift */,
			);
			path = Components;
			sourceTree = "<group>";
		};
/* End PBXGroup section */

/* Begin PBXNativeTarget section */
		A31B619F27B5767300C95634 /* ioasysBook */ = {
			isa = PBXNativeTarget;
			buildConfigurationList = A31B61CD27B5767700C95634 /* Build configuration list for PBXNativeTarget "ioasysBook" */;
			buildPhases = (
				A31B619C27B5767300C95634 /* Sources */,
				A31B619D27B5767300C95634 /* Frameworks */,
				A31B619E27B5767300C95634 /* Resources */,
			);
			buildRules = (
			);
			dependencies = (
			);
			name = ioasysBook;
			productName = ioasysBook;
			productReference = A31B61A027B5767300C95634 /* ioasysBook.app */;
			productType = "com.apple.product-type.application";
		};
		A31B61B827B5767700C95634 /* ioasysBookTests */ = {
			isa = PBXNativeTarget;
			buildConfigurationList = A31B61D027B5767700C95634 /* Build configuration list for PBXNativeTarget "ioasysBookTests" */;
			buildPhases = (
				A31B61B527B5767700C95634 /* Sources */,
				A31B61B627B5767700C95634 /* Frameworks */,
				A31B61B727B5767700C95634 /* Resources */,
			);
			buildRules = (
			);
			dependencies = (
				A31B61BB27B5767700C95634 /* PBXTargetDependency */,
			);
			name = ioasysBookTests;
			productName = ioasysBookTests;
			productReference = A31B61B927B5767700C95634 /* ioasysBookTests.xctest */;
			productType = "com.apple.product-type.bundle.unit-test";
		};
		A31B61C227B5767700C95634 /* ioasysBookUITests */ = {
			isa = PBXNativeTarget;
			buildConfigurationList = A31B61D327B5767700C95634 /* Build configuration list for PBXNativeTarget "ioasysBookUITests" */;
			buildPhases = (
				A31B61BF27B5767700C95634 /* Sources */,
				A31B61C027B5767700C95634 /* Frameworks */,
				A31B61C127B5767700C95634 /* Resources */,
			);
			buildRules = (
			);
			dependencies = (
				A31B61C527B5767700C95634 /* PBXTargetDependency */,
			);
			name = ioasysBookUITests;
			productName = ioasysBookUITests;
			productReference = A31B61C327B5767700C95634 /* ioasysBookUITests.xctest */;
			productType = "com.apple.product-type.bundle.ui-testing";
		};
/* End PBXNativeTarget section */

/* Begin PBXProject section */
		A31B619827B5767300C95634 /* Project object */ = {
			isa = PBXProject;
			attributes = {
				BuildIndependentTargetsInParallel = 1;
				LastSwiftUpdateCheck = 1310;
				LastUpgradeCheck = 1310;
				TargetAttributes = {
					A31B619F27B5767300C95634 = {
						CreatedOnToolsVersion = 13.1;
					};
					A31B61B827B5767700C95634 = {
						CreatedOnToolsVersion = 13.1;
						TestTargetID = A31B619F27B5767300C95634;
					};
					A31B61C227B5767700C95634 = {
						CreatedOnToolsVersion = 13.1;
						TestTargetID = A31B619F27B5767300C95634;
					};
				};
			};
			buildConfigurationList = A31B619B27B5767300C95634 /* Build configuration list for PBXProject "ioasysBook" */;
			compatibilityVersion = "Xcode 13.0";
			developmentRegion = en;
			hasScannedForEncodings = 0;
			knownRegions = (
				en,
				Base,
			);
			mainGroup = A31B619727B5767300C95634;
			productRefGroup = A31B61A127B5767300C95634 /* Products */;
			projectDirPath = "";
			projectRoot = "";
			targets = (
				A31B619F27B5767300C95634 /* ioasysBook */,
				A31B61B827B5767700C95634 /* ioasysBookTests */,
				A31B61C227B5767700C95634 /* ioasysBookUITests */,
			);
		};
/* End PBXProject section */

/* Begin PBXResourcesBuildPhase section */
		A31B619E27B5767300C95634 /* Resources */ = {
			isa = PBXResourcesBuildPhase;
			buildActionMask = 2147483647;
			files = (
				A31B61B327B5767600C95634 /* LaunchScreen.storyboard in Resources */,
				A31B61B027B5767600C95634 /* Assets.xcassets in Resources */,
				A31B61AB27B5767300C95634 /* Main.storyboard in Resources */,
			);
			runOnlyForDeploymentPostprocessing = 0;
		};
		A31B61B727B5767700C95634 /* Resources */ = {
			isa = PBXResourcesBuildPhase;
			buildActionMask = 2147483647;
			files = (
			);
			runOnlyForDeploymentPostprocessing = 0;
		};
		A31B61C127B5767700C95634 /* Resources */ = {
			isa = PBXResourcesBuildPhase;
			buildActionMask = 2147483647;
			files = (
			);
			runOnlyForDeploymentPostprocessing = 0;
		};
/* End PBXResourcesBuildPhase section */

/* Begin PBXSourcesBuildPhase section */
		A31B619C27B5767300C95634 /* Sources */ = {
			isa = PBXSourcesBuildPhase;
			buildActionMask = 2147483647;
			files = (
				A31B61E427B5966C00C95634 /* CustomTextField.swift in Sources */,
				A31B61E227B588F800C95634 /* LoginComponentViewController.swift in Sources */,
				A31B61DB27B57EBD00C95634 /* Constants.swift in Sources */,
				A31B61E627B5A03200C95634 /* HomeViewController.swift in Sources */,
				A31B61A827B5767300C95634 /* LoginViewController.swift in Sources */,
				A31B61A427B5767300C95634 /* AppDelegate.swift in Sources */,
				A31B61AE27B5767300C95634 /* ioasysBook.xcdatamodeld in Sources */,
				A31B61A627B5767300C95634 /* SceneDelegate.swift in Sources */,
			);
			runOnlyForDeploymentPostprocessing = 0;
		};
		A31B61B527B5767700C95634 /* Sources */ = {
			isa = PBXSourcesBuildPhase;
			buildActionMask = 2147483647;
			files = (
				A31B61BE27B5767700C95634 /* ioasysBookTests.swift in Sources */,
			);
			runOnlyForDeploymentPostprocessing = 0;
		};
		A31B61BF27B5767700C95634 /* Sources */ = {
			isa = PBXSourcesBuildPhase;
			buildActionMask = 2147483647;
			files = (
				A31B61C827B5767700C95634 /* ioasysBookUITests.swift in Sources */,
				A31B61CA27B5767700C95634 /* ioasysBookUITestsLaunchTests.swift in Sources */,
			);
			runOnlyForDeploymentPostprocessing = 0;
		};
/* End PBXSourcesBuildPhase section */

/* Begin PBXTargetDependency section */
		A31B61BB27B5767700C95634 /* PBXTargetDependency */ = {
			isa = PBXTargetDependency;
			target = A31B619F27B5767300C95634 /* ioasysBook */;
			targetProxy = A31B61BA27B5767700C95634 /* PBXContainerItemProxy */;
		};
		A31B61C527B5767700C95634 /* PBXTargetDependency */ = {
			isa = PBXTargetDependency;
			target = A31B619F27B5767300C95634 /* ioasysBook */;
			targetProxy = A31B61C427B5767700C95634 /* PBXContainerItemProxy */;
		};
/* End PBXTargetDependency section */

/* Begin PBXVariantGroup section */
		A31B61A927B5767300C95634 /* Main.storyboard */ = {
			isa = PBXVariantGroup;
			children = (
				A31B61AA27B5767300C95634 /* Base */,
			);
			name = Main.storyboard;
			sourceTree = "<group>";
		};
		A31B61B127B5767600C95634 /* LaunchScreen.storyboard */ = {
			isa = PBXVariantGroup;
			children = (
				A31B61B227B5767600C95634 /* Base */,
			);
			name = LaunchScreen.storyboard;
			sourceTree = "<group>";
		};
/* End PBXVariantGroup section */

/* Begin XCBuildConfiguration section */
		A31B61CB27B5767700C95634 /* Debug */ = {
			isa = XCBuildConfiguration;
			buildSettings = {
				ALWAYS_SEARCH_USER_PATHS = NO;
				CLANG_ANALYZER_NONNULL = YES;
				CLANG_ANALYZER_NUMBER_OBJECT_CONVERSION = YES_AGGRESSIVE;
				CLANG_CXX_LANGUAGE_STANDARD = "gnu++17";
				CLANG_CXX_LIBRARY = "libc++";
				CLANG_ENABLE_MODULES = YES;
				CLANG_ENABLE_OBJC_ARC = YES;
				CLANG_ENABLE_OBJC_WEAK = YES;
				CLANG_WARN_BLOCK_CAPTURE_AUTORELEASING = YES;
				CLANG_WARN_BOOL_CONVERSION = YES;
				CLANG_WARN_COMMA = YES;
				CLANG_WARN_CONSTANT_CONVERSION = YES;
				CLANG_WARN_DEPRECATED_OBJC_IMPLEMENTATIONS = YES;
				CLANG_WARN_DIRECT_OBJC_ISA_USAGE = YES_ERROR;
				CLANG_WARN_DOCUMENTATION_COMMENTS = YES;
				CLANG_WARN_EMPTY_BODY = YES;
				CLANG_WARN_ENUM_CONVERSION = YES;
				CLANG_WARN_INFINITE_RECURSION = YES;
				CLANG_WARN_INT_CONVERSION = YES;
				CLANG_WARN_NON_LITERAL_NULL_CONVERSION = YES;
				CLANG_WARN_OBJC_IMPLICIT_RETAIN_SELF = YES;
				CLANG_WARN_OBJC_LITERAL_CONVERSION = YES;
				CLANG_WARN_OBJC_ROOT_CLASS = YES_ERROR;
				CLANG_WARN_QUOTED_INCLUDE_IN_FRAMEWORK_HEADER = YES;
				CLANG_WARN_RANGE_LOOP_ANALYSIS = YES;
				CLANG_WARN_STRICT_PROTOTYPES = YES;
				CLANG_WARN_SUSPICIOUS_MOVE = YES;
				CLANG_WARN_UNGUARDED_AVAILABILITY = YES_AGGRESSIVE;
				CLANG_WARN_UNREACHABLE_CODE = YES;
				CLANG_WARN__DUPLICATE_METHOD_MATCH = YES;
				COPY_PHASE_STRIP = NO;
				DEBUG_INFORMATION_FORMAT = dwarf;
				ENABLE_STRICT_OBJC_MSGSEND = YES;
				ENABLE_TESTABILITY = YES;
				GCC_C_LANGUAGE_STANDARD = gnu11;
				GCC_DYNAMIC_NO_PIC = NO;
				GCC_NO_COMMON_BLOCKS = YES;
				GCC_OPTIMIZATION_LEVEL = 0;
				GCC_PREPROCESSOR_DEFINITIONS = (
					"DEBUG=1",
					"$(inherited)",
				);
				GCC_WARN_64_TO_32_BIT_CONVERSION = YES;
				GCC_WARN_ABOUT_RETURN_TYPE = YES_ERROR;
				GCC_WARN_UNDECLARED_SELECTOR = YES;
				GCC_WARN_UNINITIALIZED_AUTOS = YES_AGGRESSIVE;
				GCC_WARN_UNUSED_FUNCTION = YES;
				GCC_WARN_UNUSED_VARIABLE = YES;
				IPHONEOS_DEPLOYMENT_TARGET = 15.0;
				MTL_ENABLE_DEBUG_INFO = INCLUDE_SOURCE;
				MTL_FAST_MATH = YES;
				ONLY_ACTIVE_ARCH = YES;
				SDKROOT = iphoneos;
				SWIFT_ACTIVE_COMPILATION_CONDITIONS = DEBUG;
				SWIFT_OPTIMIZATION_LEVEL = "-Onone";
			};
			name = Debug;
		};
		A31B61CC27B5767700C95634 /* Release */ = {
			isa = XCBuildConfiguration;
			buildSettings = {
				ALWAYS_SEARCH_USER_PATHS = NO;
				CLANG_ANALYZER_NONNULL = YES;
				CLANG_ANALYZER_NUMBER_OBJECT_CONVERSION = YES_AGGRESSIVE;
				CLANG_CXX_LANGUAGE_STANDARD = "gnu++17";
				CLANG_CXX_LIBRARY = "libc++";
				CLANG_ENABLE_MODULES = YES;
				CLANG_ENABLE_OBJC_ARC = YES;
				CLANG_ENABLE_OBJC_WEAK = YES;
				CLANG_WARN_BLOCK_CAPTURE_AUTORELEASING = YES;
				CLANG_WARN_BOOL_CONVERSION = YES;
				CLANG_WARN_COMMA = YES;
				CLANG_WARN_CONSTANT_CONVERSION = YES;
				CLANG_WARN_DEPRECATED_OBJC_IMPLEMENTATIONS = YES;
				CLANG_WARN_DIRECT_OBJC_ISA_USAGE = YES_ERROR;
				CLANG_WARN_DOCUMENTATION_COMMENTS = YES;
				CLANG_WARN_EMPTY_BODY = YES;
				CLANG_WARN_ENUM_CONVERSION = YES;
				CLANG_WARN_INFINITE_RECURSION = YES;
				CLANG_WARN_INT_CONVERSION = YES;
				CLANG_WARN_NON_LITERAL_NULL_CONVERSION = YES;
				CLANG_WARN_OBJC_IMPLICIT_RETAIN_SELF = YES;
				CLANG_WARN_OBJC_LITERAL_CONVERSION = YES;
				CLANG_WARN_OBJC_ROOT_CLASS = YES_ERROR;
				CLANG_WARN_QUOTED_INCLUDE_IN_FRAMEWORK_HEADER = YES;
				CLANG_WARN_RANGE_LOOP_ANALYSIS = YES;
				CLANG_WARN_STRICT_PROTOTYPES = YES;
				CLANG_WARN_SUSPICIOUS_MOVE = YES;
				CLANG_WARN_UNGUARDED_AVAILABILITY = YES_AGGRESSIVE;
				CLANG_WARN_UNREACHABLE_CODE = YES;
				CLANG_WARN__DUPLICATE_METHOD_MATCH = YES;
				COPY_PHASE_STRIP = NO;
				DEBUG_INFORMATION_FORMAT = "dwarf-with-dsym";
				ENABLE_NS_ASSERTIONS = NO;
				ENABLE_STRICT_OBJC_MSGSEND = YES;
				GCC_C_LANGUAGE_STANDARD = gnu11;
				GCC_NO_COMMON_BLOCKS = YES;
				GCC_WARN_64_TO_32_BIT_CONVERSION = YES;
				GCC_WARN_ABOUT_RETURN_TYPE = YES_ERROR;
				GCC_WARN_UNDECLARED_SELECTOR = YES;
				GCC_WARN_UNINITIALIZED_AUTOS = YES_AGGRESSIVE;
				GCC_WARN_UNUSED_FUNCTION = YES;
				GCC_WARN_UNUSED_VARIABLE = YES;
				IPHONEOS_DEPLOYMENT_TARGET = 15.0;
				MTL_ENABLE_DEBUG_INFO = NO;
				MTL_FAST_MATH = YES;
				SDKROOT = iphoneos;
				SWIFT_COMPILATION_MODE = wholemodule;
				SWIFT_OPTIMIZATION_LEVEL = "-O";
				VALIDATE_PRODUCT = YES;
			};
			name = Release;
		};
		A31B61CE27B5767700C95634 /* Debug */ = {
			isa = XCBuildConfiguration;
			buildSettings = {
				ASSETCATALOG_COMPILER_APPICON_NAME = AppIcon;
				ASSETCATALOG_COMPILER_GLOBAL_ACCENT_COLOR_NAME = AccentColor;
				CODE_SIGN_STYLE = Automatic;
				CURRENT_PROJECT_VERSION = 1;
				DEVELOPMENT_TEAM = GM2YUUZ32A;
				GENERATE_INFOPLIST_FILE = YES;
				INFOPLIST_FILE = ioasysBook/Info.plist;
				INFOPLIST_KEY_UIApplicationSupportsIndirectInputEvents = YES;
				INFOPLIST_KEY_UILaunchStoryboardName = LaunchScreen;
				INFOPLIST_KEY_UIMainStoryboardFile = Main;
				INFOPLIST_KEY_UISupportedInterfaceOrientations_iPad = "UIInterfaceOrientationPortrait UIInterfaceOrientationPortraitUpsideDown UIInterfaceOrientationLandscapeLeft UIInterfaceOrientationLandscapeRight";
				INFOPLIST_KEY_UISupportedInterfaceOrientations_iPhone = "UIInterfaceOrientationPortrait UIInterfaceOrientationLandscapeLeft UIInterfaceOrientationLandscapeRight";
				LD_RUNPATH_SEARCH_PATHS = (
					"$(inherited)",
					"@executable_path/Frameworks",
				);
				MARKETING_VERSION = 1.0;
				PRODUCT_BUNDLE_IDENTIFIER = br.com.simim.ioasysBook;
				PRODUCT_NAME = "$(TARGET_NAME)";
				SWIFT_EMIT_LOC_STRINGS = YES;
				SWIFT_VERSION = 5.0;
				TARGETED_DEVICE_FAMILY = "1,2";
			};
			name = Debug;
		};
		A31B61CF27B5767700C95634 /* Release */ = {
			isa = XCBuildConfiguration;
			buildSettings = {
				ASSETCATALOG_COMPILER_APPICON_NAME = AppIcon;
				ASSETCATALOG_COMPILER_GLOBAL_ACCENT_COLOR_NAME = AccentColor;
				CODE_SIGN_STYLE = Automatic;
				CURRENT_PROJECT_VERSION = 1;
				DEVELOPMENT_TEAM = GM2YUUZ32A;
				GENERATE_INFOPLIST_FILE = YES;
				INFOPLIST_FILE = ioasysBook/Info.plist;
				INFOPLIST_KEY_UIApplicationSupportsIndirectInputEvents = YES;
				INFOPLIST_KEY_UILaunchStoryboardName = LaunchScreen;
				INFOPLIST_KEY_UIMainStoryboardFile = Main;
				INFOPLIST_KEY_UISupportedInterfaceOrientations_iPad = "UIInterfaceOrientationPortrait UIInterfaceOrientationPortraitUpsideDown UIInterfaceOrientationLandscapeLeft UIInterfaceOrientationLandscapeRight";
				INFOPLIST_KEY_UISupportedInterfaceOrientations_iPhone = "UIInterfaceOrientationPortrait UIInterfaceOrientationLandscapeLeft UIInterfaceOrientationLandscapeRight";
				LD_RUNPATH_SEARCH_PATHS = (
					"$(inherited)",
					"@executable_path/Frameworks",
				);
				MARKETING_VERSION = 1.0;
				PRODUCT_BUNDLE_IDENTIFIER = br.com.simim.ioasysBook;
				PRODUCT_NAME = "$(TARGET_NAME)";
				SWIFT_EMIT_LOC_STRINGS = YES;
				SWIFT_VERSION = 5.0;
				TARGETED_DEVICE_FAMILY = "1,2";
			};
			name = Release;
		};
		A31B61D127B5767700C95634 /* Debug */ = {
			isa = XCBuildConfiguration;
			buildSettings = {
				ALWAYS_EMBED_SWIFT_STANDARD_LIBRARIES = YES;
				BUNDLE_LOADER = "$(TEST_HOST)";
				CODE_SIGN_STYLE = Automatic;
				CURRENT_PROJECT_VERSION = 1;
				DEVELOPMENT_TEAM = GM2YUUZ32A;
				GENERATE_INFOPLIST_FILE = YES;
				IPHONEOS_DEPLOYMENT_TARGET = 15.0;
				LD_RUNPATH_SEARCH_PATHS = (
					"$(inherited)",
					"@executable_path/Frameworks",
					"@loader_path/Frameworks",
				);
				MARKETING_VERSION = 1.0;
				PRODUCT_BUNDLE_IDENTIFIER = br.com.simim.ioasysBookTests;
				PRODUCT_NAME = "$(TARGET_NAME)";
				SWIFT_EMIT_LOC_STRINGS = NO;
				SWIFT_VERSION = 5.0;
				TARGETED_DEVICE_FAMILY = "1,2";
				TEST_HOST = "$(BUILT_PRODUCTS_DIR)/ioasysBook.app/ioasysBook";
			};
			name = Debug;
		};
		A31B61D227B5767700C95634 /* Release */ = {
			isa = XCBuildConfiguration;
			buildSettings = {
				ALWAYS_EMBED_SWIFT_STANDARD_LIBRARIES = YES;
				BUNDLE_LOADER = "$(TEST_HOST)";
				CODE_SIGN_STYLE = Automatic;
				CURRENT_PROJECT_VERSION = 1;
				DEVELOPMENT_TEAM = GM2YUUZ32A;
				GENERATE_INFOPLIST_FILE = YES;
				IPHONEOS_DEPLOYMENT_TARGET = 15.0;
				LD_RUNPATH_SEARCH_PATHS = (
					"$(inherited)",
					"@executable_path/Frameworks",
					"@loader_path/Frameworks",
				);
				MARKETING_VERSION = 1.0;
				PRODUCT_BUNDLE_IDENTIFIER = br.com.simim.ioasysBookTests;
				PRODUCT_NAME = "$(TARGET_NAME)";
				SWIFT_EMIT_LOC_STRINGS = NO;
				SWIFT_VERSION = 5.0;
				TARGETED_DEVICE_FAMILY = "1,2";
				TEST_HOST = "$(BUILT_PRODUCTS_DIR)/ioasysBook.app/ioasysBook";
			};
			name = Release;
		};
		A31B61D427B5767700C95634 /* Debug */ = {
			isa = XCBuildConfiguration;
			buildSettings = {
				ALWAYS_EMBED_SWIFT_STANDARD_LIBRARIES = YES;
				CODE_SIGN_STYLE = Automatic;
				CURRENT_PROJECT_VERSION = 1;
				DEVELOPMENT_TEAM = GM2YUUZ32A;
				GENERATE_INFOPLIST_FILE = YES;
				LD_RUNPATH_SEARCH_PATHS = (
					"$(inherited)",
					"@executable_path/Frameworks",
					"@loader_path/Frameworks",
				);
				MARKETING_VERSION = 1.0;
				PRODUCT_BUNDLE_IDENTIFIER = br.com.simim.ioasysBookUITests;
				PRODUCT_NAME = "$(TARGET_NAME)";
				SWIFT_EMIT_LOC_STRINGS = NO;
				SWIFT_VERSION = 5.0;
				TARGETED_DEVICE_FAMILY = "1,2";
				TEST_TARGET_NAME = ioasysBook;
			};
			name = Debug;
		};
		A31B61D527B5767700C95634 /* Release */ = {
			isa = XCBuildConfiguration;
			buildSettings = {
				ALWAYS_EMBED_SWIFT_STANDARD_LIBRARIES = YES;
				CODE_SIGN_STYLE = Automatic;
				CURRENT_PROJECT_VERSION = 1;
				DEVELOPMENT_TEAM = GM2YUUZ32A;
				GENERATE_INFOPLIST_FILE = YES;
				LD_RUNPATH_SEARCH_PATHS = (
					"$(inherited)",
					"@executable_path/Frameworks",
					"@loader_path/Frameworks",
				);
				MARKETING_VERSION = 1.0;
				PRODUCT_BUNDLE_IDENTIFIER = br.com.simim.ioasysBookUITests;
				PRODUCT_NAME = "$(TARGET_NAME)";
				SWIFT_EMIT_LOC_STRINGS = NO;
				SWIFT_VERSION = 5.0;
				TARGETED_DEVICE_FAMILY = "1,2";
				TEST_TARGET_NAME = ioasysBook;
			};
			name = Release;
		};
/* End XCBuildConfiguration section */

/* Begin XCConfigurationList section */
		A31B619B27B5767300C95634 /* Build configuration list for PBXProject "ioasysBook" */ = {
			isa = XCConfigurationList;
			buildConfigurations = (
				A31B61CB27B5767700C95634 /* Debug */,
				A31B61CC27B5767700C95634 /* Release */,
			);
			defaultConfigurationIsVisible = 0;
			defaultConfigurationName = Release;
		};
		A31B61CD27B5767700C95634 /* Build configuration list for PBXNativeTarget "ioasysBook" */ = {
			isa = XCConfigurationList;
			buildConfigurations = (
				A31B61CE27B5767700C95634 /* Debug */,
				A31B61CF27B5767700C95634 /* Release */,
			);
			defaultConfigurationIsVisible = 0;
			defaultConfigurationName = Release;
		};
		A31B61D027B5767700C95634 /* Build configuration list for PBXNativeTarget "ioasysBookTests" */ = {
			isa = XCConfigurationList;
			buildConfigurations = (
				A31B61D127B5767700C95634 /* Debug */,
				A31B61D227B5767700C95634 /* Release */,
			);
			defaultConfigurationIsVisible = 0;
			defaultConfigurationName = Release;
		};
		A31B61D327B5767700C95634 /* Build configuration list for PBXNativeTarget "ioasysBookUITests" */ = {
			isa = XCConfigurationList;
			buildConfigurations = (
				A31B61D427B5767700C95634 /* Debug */,
				A31B61D527B5767700C95634 /* Release */,
			);
			defaultConfigurationIsVisible = 0;
			defaultConfigurationName = Release;
		};
/* End XCConfigurationList section */

/* Begin XCVersionGroup section */
		A31B61AC27B5767300C95634 /* ioasysBook.xcdatamodeld */ = {
			isa = XCVersionGroup;
			children = (
				A31B61AD27B5767300C95634 /* ioasysBook.xcdatamodel */,
			);
			currentVersion = A31B61AD27B5767300C95634 /* ioasysBook.xcdatamodel */;
			path = ioasysBook.xcdatamodeld;
			sourceTree = "<group>";
			versionGroupType = wrapper.xcdatamodel;
		};
/* End XCVersionGroup section */
	};
	rootObject = A31B619827B5767300C95634 /* Project object */;
}
